
Microsoft Visual Studio Solution File, Format Version 12.00
# Visual Studio Version 17
VisualStudioVersion = 17.6.33723.286
MinimumVisualStudioVersion = 10.0.40219.1
Project("{9A19103F-16F7-4668-BE54-9A1E7A4F7556}") = "Task_Management", "Task Management\Task_Management.csproj", "{0149B735-0297-4DBE-A1F1-83EE642A942B}"
EndProject
Project("{9A19103F-16F7-4668-BE54-9A1E7A4F7556}") = "ClientSide", "ClientSide\ClientSide.csproj", "{66F94EB4-F4E7-46AD-9316-9555C5A94603}"
EndProject
Global
	GlobalSection(SolutionConfigurationPlatforms) = preSolution
		Debug|Any CPU = Debug|Any CPU
		Release|Any CPU = Release|Any CPU
	EndGlobalSection
	GlobalSection(ProjectConfigurationPlatforms) = postSolution
		{0149B735-0297-4DBE-A1F1-83EE642A942B}.Debug|Any CPU.ActiveCfg = Debug|Any CPU
		{0149B735-0297-4DBE-A1F1-83EE642A942B}.Debug|Any CPU.Build.0 = Debug|Any CPU
		{0149B735-0297-4DBE-A1F1-83EE642A942B}.Release|Any CPU.ActiveCfg = Release|Any CPU
		{0149B735-0297-4DBE-A1F1-83EE642A942B}.Release|Any CPU.Build.0 = Release|Any CPU
		{66F94EB4-F4E7-46AD-9316-9555C5A94603}.Debug|Any CPU.ActiveCfg = Debug|Any CPU
		{66F94EB4-F4E7-46AD-9316-9555C5A94603}.Debug|Any CPU.Build.0 = Debug|Any CPU
		{66F94EB4-F4E7-46AD-9316-9555C5A94603}.Release|Any CPU.ActiveCfg = Release|Any CPU
		{66F94EB4-F4E7-46AD-9316-9555C5A94603}.Release|Any CPU.Build.0 = Release|Any CPU
	EndGlobalSection
	GlobalSection(SolutionProperties) = preSolution
		HideSolutionNode = FALSE
	EndGlobalSection
	GlobalSection(ExtensibilityGlobals) = postSolution
		SolutionGuid = {7619F2B9-F09E-458A-895B-FC5951545C28}
	EndGlobalSection
EndGlobal
